// !$*UTF8*$!
{
	archiveVersion = 1;
	classes = {
	};
	objectVersion = 46;
	objects = {

/* Begin PBXBuildFile section */
		F27E55AC1C3153260046EAD5 /* main.m in Sources */ = {isa = PBXBuildFile; fileRef = F27E55AB1C3153260046EAD5 /* main.m */; };
		F27E55AF1C3153260046EAD5 /* AppDelegate.m in Sources */ = {isa = PBXBuildFile; fileRef = F27E55AE1C3153260046EAD5 /* AppDelegate.m */; };
		F27E55B21C3153260046EAD5 /* ViewController.m in Sources */ = {isa = PBXBuildFile; fileRef = F27E55B11C3153260046EAD5 /* ViewController.m */; };
		F27E55B51C3153260046EAD5 /* Main.storyboard in Resources */ = {isa = PBXBuildFile; fileRef = F27E55B31C3153260046EAD5 /* Main.storyboard */; };
		F27E55B71C3153260046EAD5 /* Assets.xcassets in Resources */ = {isa = PBXBuildFile; fileRef = F27E55B61C3153260046EAD5 /* Assets.xcassets */; };
		F27E55BA1C3153260046EAD5 /* LaunchScreen.storyboard in Resources */ = {isa = PBXBuildFile; fileRef = F27E55B81C3153260046EAD5 /* LaunchScreen.storyboard */; };
		F27E55C51C3153260046EAD5 /* TestTests.m in Sources */ = {isa = PBXBuildFile; fileRef = F27E55C41C3153260046EAD5 /* TestTests.m */; };
		F27E55D01C3153260046EAD5 /* TestUITests.m in Sources */ = {isa = PBXBuildFile; fileRef = F27E55CF1C3153260046EAD5 /* TestUITests.m */; };
/* End PBXBuildFile section */

/* Begin PBXContainerItemProxy section */
		F27E55C11C3153260046EAD5 /* PBXContainerItemProxy */ = {
			isa = PBXContainerItemProxy;
			containerPortal = F27E559F1C3153260046EAD5 /* Project object */;
			proxyType = 1;
			remoteGlobalIDString = F27E55A61C3153260046EAD5;
			remoteInfo = Test;
		};
		F27E55CC1C3153260046EAD5 /* PBXContainerItemProxy */ = {
			isa = PBXContainerItemProxy;
			containerPortal = F27E559F1C3153260046EAD5 /* Project object */;
			proxyType = 1;
			remoteGlobalIDString = F27E55A61C3153260046EAD5;
			remoteInfo = Test;
		};
/* End PBXContainerItemProxy section */

/* Begin PBXFileReference section */
		F27E55A71C3153260046EAD5 /* Test.app */ = {isa = PBXFileReference; explicitFileType = wrapper.application; includeInIndex = 0; path = Test.app; sourceTree = BUILT_PRODUCTS_DIR; };
		F27E55AB1C3153260046EAD5 /* main.m */ = {isa = PBXFileReference; lastKnownFileType = sourcecode.c.objc; path = main.m; sourceTree = "<group>"; };
		F27E55AD1C3153260046EAD5 /* AppDelegate.h */ = {isa = PBXFileReference; lastKnownFileType = sourcecode.c.h; path = AppDelegate.h; sourceTree = "<group>"; };
		F27E55AE1C3153260046EAD5 /* AppDelegate.m */ = {isa = PBXFileReference; lastKnownFileType = sourcecode.c.objc; path = AppDelegate.m; sourceTree = "<group>"; };
		F27E55B01C3153260046EAD5 /* ViewController.h */ = {isa = PBXFileReference; lastKnownFileType = sourcecode.c.h; path = ViewController.h; sourceTree = "<group>"; };
		F27E55B11C3153260046EAD5 /* ViewController.m */ = {isa = PBXFileReference; lastKnownFileType = sourcecode.c.objc; path = ViewController.m; sourceTree = "<group>"; };
		F27E55B41C3153260046EAD5 /* Base */ = {isa = PBXFileReference; lastKnownFileType = file.storyboard; name = Base; path = Base.lproj/Main.storyboard; sourceTree = "<group>"; };
		F27E55B61C3153260046EAD5 /* Assets.xcassets */ = {isa = PBXFileReference; lastKnownFileType = folder.assetcatalog; path = Assets.xcassets; sourceTree = "<group>"; };
		F27E55B91C3153260046EAD5 /* Base */ = {isa = PBXFileReference; lastKnownFileType = file.storyboard; name = Base; path = Base.lproj/LaunchScreen.storyboard; sourceTree = "<group>"; };
		F27E55BB1C3153260046EAD5 /* Info.plist */ = {isa = PBXFileReference; lastKnownFileType = text.plist.xml; path = Info.plist; sourceTree = "<group>"; };
		F27E55C01C3153260046EAD5 /* TestTests.xctest */ = {isa = PBXFileReference; explicitFileType = wrapper.cfbundle; includeInIndex = 0; path = TestTests.xctest; sourceTree = BUILT_PRODUCTS_DIR; };
		F27E55C41C3153260046EAD5 /* TestTests.m */ = {isa = PBXFileReference; lastKnownFileType = sourcecode.c.objc; path = TestTests.m; sourceTree = "<group>"; };
		F27E55C61C3153260046EAD5 /* Info.plist */ = {isa = PBXFileReference; lastKnownFileType = text.plist.xml; path = Info.plist; sourceTree = "<group>"; };
		F27E55CB1C3153260046EAD5 /* TestUITests.xctest */ = {isa = PBXFileReference; explicitFileType = wrapper.cfbundle; includeInIndex = 0; path = TestUITests.xctest; sourceTree = BUILT_PRODUCTS_DIR; };
		F27E55CF1C3153260046EAD5 /* TestUITests.m */ = {isa = PBXFileReference; lastKnownFileType = sourcecode.c.objc; path = TestUITests.m; sourceTree = "<group>"; };
		F27E55D11C3153260046EAD5 /* Info.plist */ = {isa = PBXFileReference; lastKnownFileType = text.plist.xml; path = Info.plist; sourceTree = "<group>"; };
/* End PBXFileReference section */

/* Begin PBXFrameworksBuildPhase section */
		F27E55A41C3153260046EAD5 /* Frameworks */ = {
			isa = PBXFrameworksBuildPhase;
			buildActionMask = 2147483647;
			files = (
			);
			runOnlyForDeploymentPostprocessing = 0;
		};
		F27E55BD1C3153260046EAD5 /* Frameworks */ = {
			isa = PBXFrameworksBuildPhase;
			buildActionMask = 2147483647;
			files = (
			);
			runOnlyForDeploymentPostprocessing = 0;
		};
		F27E55C81C3153260046EAD5 /* Frameworks */ = {
			isa = PBXFrameworksBuildPhase;
			buildActionMask = 2147483647;
			files = (
			);
			runOnlyForDeploymentPostprocessing = 0;
		};
/* End PBXFrameworksBuildPhase section */

/* Begin PBXGroup section */
		F27E559E1C3153260046EAD5 = {
			isa = PBXGroup;
			children = (
				F27E55A91C3153260046EAD5 /* Test */,
				F27E55C31C3153260046EAD5 /* TestTests */,
				F27E55CE1C3153260046EAD5 /* TestUITests */,
				F27E55A81C3153260046EAD5 /* Products */,
			);
			sourceTree = "<group>";
		};
		F27E55A81C3153260046EAD5 /* Products */ = {
			isa = PBXGroup;
			children = (
				F27E55A71C3153260046EAD5 /* Test.app */,
				F27E55C01C3153260046EAD5 /* TestTests.xctest */,
				F27E55CB1C3153260046EAD5 /* TestUITests.xctest */,
			);
			name = Products;
			sourceTree = "<group>";
		};
		F27E55A91C3153260046EAD5 /* Test */ = {
			isa = PBXGroup;
			children = (
				F27E55AD1C3153260046EAD5 /* AppDelegate.h */,
				F27E55AE1C3153260046EAD5 /* AppDelegate.m */,
				F27E55B01C3153260046EAD5 /* ViewController.h */,
				F27E55B11C3153260046EAD5 /* ViewController.m */,
				F27E55B31C3153260046EAD5 /* Main.storyboard */,
				F27E55B61C3153260046EAD5 /* Assets.xcassets */,
				F27E55B81C3153260046EAD5 /* LaunchScreen.storyboard */,
				F27E55BB1C3153260046EAD5 /* Info.plist */,
				F27E55AA1C3153260046EAD5 /* Supporting Files */,
			);
			path = Test;
			sourceTree = "<group>";
		};
		F27E55AA1C3153260046EAD5 /* Supporting Files */ = {
			isa = PBXGroup;
			children = (
				F27E55AB1C3153260046EAD5 /* main.m */,
			);
			name = "Supporting Files";
			sourceTree = "<group>";
		};
		F27E55C31C3153260046EAD5 /* TestTests */ = {
			isa = PBXGroup;
			children = (
				F27E55C41C3153260046EAD5 /* TestTests.m */,
				F27E55C61C3153260046EAD5 /* Info.plist */,
			);
			path = TestTests;
			sourceTree = "<group>";
		};
		F27E55CE1C3153260046EAD5 /* TestUITests */ = {
			isa = PBXGroup;
			children = (
				F27E55CF1C3153260046EAD5 /* TestUITests.m */,
				F27E55D11C3153260046EAD5 /* Info.plist */,
			);
			path = TestUITests;
			sourceTree = "<group>";
		};
/* End PBXGroup section */

/* Begin PBXNativeTarget section */
		F27E55A61C3153260046EAD5 /* Test */ = {
			isa = PBXNativeTarget;
			buildConfigurationList = F27E55D41C3153260046EAD5 /* Build configuration list for PBXNativeTarget "Test" */;
			buildPhases = (
				F27E55A31C3153260046EAD5 /* Sources */,
				F27E55A41C3153260046EAD5 /* Frameworks */,
				F27E55A51C3153260046EAD5 /* Resources */,
			);
			buildRules = (
			);
			dependencies = (
			);
			name = Test;
			productName = Test;
			productReference = F27E55A71C3153260046EAD5 /* Test.app */;
			productType = "com.apple.product-type.application";
		};
		F27E55BF1C3153260046EAD5 /* TestTests */ = {
			isa = PBXNativeTarget;
			buildConfigurationList = F27E55D71C3153260046EAD5 /* Build configuration list for PBXNativeTarget "TestTests" */;
			buildPhases = (
				F27E55BC1C3153260046EAD5 /* Sources */,
				F27E55BD1C3153260046EAD5 /* Frameworks */,
				F27E55BE1C3153260046EAD5 /* Resources */,
			);
			buildRules = (
			);
			dependencies = (
				F27E55C21C3153260046EAD5 /* PBXTargetDependency */,
			);
			name = TestTests;
			productName = TestTests;
			productReference = F27E55C01C3153260046EAD5 /* TestTests.xctest */;
			productType = "com.apple.product-type.bundle.unit-test";
		};
		F27E55CA1C3153260046EAD5 /* TestUITests */ = {
			isa = PBXNativeTarget;
			buildConfigurationList = F27E55DA1C3153260046EAD5 /* Build configuration list for PBXNativeTarget "TestUITests" */;
			buildPhases = (
				F27E55C71C3153260046EAD5 /* Sources */,
				F27E55C81C3153260046EAD5 /* Frameworks */,
				F27E55C91C3153260046EAD5 /* Resources */,
			);
			buildRules = (
			);
			dependencies = (
				F27E55CD1C3153260046EAD5 /* PBXTargetDependency */,
			);
			name = TestUITests;
			productName = TestUITests;
			productReference = F27E55CB1C3153260046EAD5 /* TestUITests.xctest */;
			productType = "com.apple.product-type.bundle.ui-testing";
		};
/* End PBXNativeTarget section */

/* Begin PBXProject section */
		F27E559F1C3153260046EAD5 /* Project object */ = {
			isa = PBXProject;
			attributes = {
				LastUpgradeCheck = 0720;
				ORGANIZATIONNAME = " 徐智";
				TargetAttributes = {
					F27E55A61C3153260046EAD5 = {
						CreatedOnToolsVersion = 7.2;
					};
					F27E55BF1C3153260046EAD5 = {
						CreatedOnToolsVersion = 7.2;
						TestTargetID = F27E55A61C3153260046EAD5;
					};
					F27E55CA1C3153260046EAD5 = {
						CreatedOnToolsVersion = 7.2;
						TestTargetID = F27E55A61C3153260046EAD5;
					};
				};
			};
			buildConfigurationList = F27E55A21C3153260046EAD5 /* Build configuration list for PBXProject "Test" */;
			compatibilityVersion = "Xcode 3.2";
			developmentRegion = English;
			hasScannedForEncodings = 0;
			knownRegions = (
				en,
				Base,
			);
			mainGroup = F27E559E1C3153260046EAD5;
			productRefGroup = F27E55A81C3153260046EAD5 /* Products */;
			projectDirPath = "";
			projectRoot = "";
			targets = (
				F27E55A61C3153260046EAD5 /* Test */,
				F27E55BF1C3153260046EAD5 /* TestTests */,
				F27E55CA1C3153260046EAD5 /* TestUITests */,
			);
		};
/* End PBXProject section */

/* Begin PBXResourcesBuildPhase section */
		F27E55A51C3153260046EAD5 /* Resources */ = {
			isa = PBXResourcesBuildPhase;
			buildActionMask = 2147483647;
			files = (
				F27E55BA1C3153260046EAD5 /* LaunchScreen.storyboard in Resources */,
				F27E55B71C3153260046EAD5 /* Assets.xcassets in Resources */,
				F27E55B51C3153260046EAD5 /* Main.storyboard in Resources */,
			);
			runOnlyForDeploymentPostprocessing = 0;
		};
		F27E55BE1C3153260046EAD5 /* Resources */ = {
			isa = PBXResourcesBuildPhase;
			buildActionMask = 2147483647;
			files = (
			);
			runOnlyForDeploymentPostprocessing = 0;
		};
		F27E55C91C3153260046EAD5 /* Resources */ = {
			isa = PBXResourcesBuildPhase;
			buildActionMask = 2147483647;
			files = (
			);
			runOnlyForDeploymentPostprocessing = 0;
		};
/* End PBXResourcesBuildPhase section */

/* Begin PBXSourcesBuildPhase section */
		F27E55A31C3153260046EAD5 /* Sources */ = {
			isa = PBXSourcesBuildPhase;
			buildActionMask = 2147483647;
			files = (
				F27E55B21C3153260046EAD5 /* ViewController.m in Sources */,
				F27E55AF1C3153260046EAD5 /* AppDelegate.m in Sources */,
				F27E55AC1C3153260046EAD5 /* main.m in Sources */,
			);
			runOnlyForDeploymentPostprocessing = 0;
		};
		F27E55BC1C3153260046EAD5 /* Sources */ = {
			isa = PBXSourcesBuildPhase;
			buildActionMask = 2147483647;
			files = (
				F27E55C51C3153260046EAD5 /* TestTests.m in Sources */,
			);
			runOnlyForDeploymentPostprocessing = 0;
		};
		F27E55C71C3153260046EAD5 /* Sources */ = {
			isa = PBXSourcesBuildPhase;
			buildActionMask = 2147483647;
			files = (
				F27E55D01C3153260046EAD5 /* TestUITests.m in Sources */,
			);
			runOnlyForDeploymentPostprocessing = 0;
		};
/* End PBXSourcesBuildPhase section */

/* Begin PBXTargetDependency section */
		F27E55C21C3153260046EAD5 /* PBXTargetDependency */ = {
			isa = PBXTargetDependency;
			target = F27E55A61C3153260046EAD5 /* Test */;
			targetProxy = F27E55C11C3153260046EAD5 /* PBXContainerItemProxy */;
		};
		F27E55CD1C3153260046EAD5 /* PBXTargetDependency */ = {
			isa = PBXTargetDependency;
			target = F27E55A61C3153260046EAD5 /* Test */;
			targetProxy = F27E55CC1C3153260046EAD5 /* PBXContainerItemProxy */;
		};
/* End PBXTargetDependency section */

/* Begin PBXVariantGroup section */
		F27E55B31C3153260046EAD5 /* Main.storyboard */ = {
			isa = PBXVariantGroup;
			children = (
				F27E55B41C3153260046EAD5 /* Base */,
			);
			name = Main.storyboard;
			sourceTree = "<group>";
		};
		F27E55B81C3153260046EAD5 /* LaunchScreen.storyboard */ = {
			isa = PBXVariantGroup;
			children = (
				F27E55B91C3153260046EAD5 /* Base */,
			);
			name = LaunchScreen.storyboard;
			sourceTree = "<group>";
		};
/* End PBXVariantGroup section */

/* Begin XCBuildConfiguration section */
		F27E55D21C3153260046EAD5 /* Debug */ = {
			isa = XCBuildConfiguration;
			buildSettings = {
				ALWAYS_SEARCH_USER_PATHS = NO;
				CLANG_CXX_LANGUAGE_STANDARD = "gnu++0x";
				CLANG_CXX_LIBRARY = "libc++";
				CLANG_ENABLE_MODULES = YES;
				CLANG_ENABLE_OBJC_ARC = YES;
				CLANG_WARN_BOOL_CONVERSION = YES;
				CLANG_WARN_CONSTANT_CONVERSION = YES;
				CLANG_WARN_DIRECT_OBJC_ISA_USAGE = YES_ERROR;
				CLANG_WARN_EMPTY_BODY = YES;
				CLANG_WARN_ENUM_CONVERSION = YES;
				CLANG_WARN_INT_CONVERSION = YES;
				CLANG_WARN_OBJC_ROOT_CLASS = YES_ERROR;
				CLANG_WARN_UNREACHABLE_CODE = YES;
				CLANG_WARN__DUPLICATE_METHOD_MATCH = YES;
				"CODE_SIGN_IDENTITY[sdk=iphoneos*]" = "iPhone Developer";
				COPY_PHASE_STRIP = NO;
				DEBUG_INFORMATION_FORMAT = dwarf;
				ENABLE_STRICT_OBJC_MSGSEND = YES;
				ENABLE_TESTABILITY = YES;
				GCC_C_LANGUAGE_STANDARD = gnu99;
				GCC_DYNAMIC_NO_PIC = NO;
				GCC_NO_COMMON_BLOCKS = YES;
				GCC_OPTIMIZATION_LEVEL = 0;
				GCC_PREPROCESSOR_DEFINITIONS = (
					"DEBUG=1",
					"$(inherited)",
				);
				GCC_WARN_64_TO_32_BIT_CONVERSION = YES;
				GCC_WARN_ABOUT_RETURN_TYPE = YES_ERROR;
				GCC_WARN_UNDECLARED_SELECTOR = YES;
				GCC_WARN_UNINITIALIZED_AUTOS = YES_AGGRESSIVE;
				GCC_WARN_UNUSED_FUNCTION = YES;
				GCC_WARN_UNUSED_VARIABLE = YES;
				IPHONEOS_DEPLOYMENT_TARGET = 9.2;
				MTL_ENABLE_DEBUG_INFO = YES;
				ONLY_ACTIVE_ARCH = YES;
				SDKROOT = iphoneos;
				TARGETED_DEVICE_FAMILY = "1,2";
			};
			name = Debug;
		};
		F27E55D31C3153260046EAD5 /* Release */ = {
			isa = XCBuildConfiguration;
			buildSettings = {
				ALWAYS_SEARCH_USER_PATHS = NO;
				CLANG_CXX_LANGUAGE_STANDARD = "gnu++0x";
				CLANG_CXX_LIBRARY = "libc++";
				CLANG_ENABLE_MODULES = YES;
				CLANG_ENABLE_OBJC_ARC = YES;
				CLANG_WARN_BOOL_CONVERSION = YES;
				CLANG_WARN_CONSTANT_CONVERSION = YES;
				CLANG_WARN_DIRECT_OBJC_ISA_USAGE = YES_ERROR;
				CLANG_WARN_EMPTY_BODY = YES;
				CLANG_WARN_ENUM_CONVERSION = YES;
				CLANG_WARN_INT_CONVERSION = YES;
				CLANG_WARN_OBJC_ROOT_CLASS = YES_ERROR;
				CLANG_WARN_UNREACHABLE_CODE = YES;
				CLANG_WARN__DUPLICATE_METHOD_MATCH = YES;
				"CODE_SIGN_IDENTITY[sdk=iphoneos*]" = "iPhone Developer";
				COPY_PHASE_STRIP = NO;
				DEBUG_INFORMATION_FORMAT = "dwarf-with-dsym";
				ENABLE_NS_ASSERTIONS = NO;
				ENABLE_STRICT_OBJC_MSGSEND = YES;
				GCC_C_LANGUAGE_STANDARD = gnu99;
				GCC_NO_COMMON_BLOCKS = YES;
				GCC_WARN_64_TO_32_BIT_CONVERSION = YES;
				GCC_WARN_ABOUT_RETURN_TYPE = YES_ERROR;
				GCC_WARN_UNDECLARED_SELECTOR = YES;
				GCC_WARN_UNINITIALIZED_AUTOS = YES_AGGRESSIVE;
				GCC_WARN_UNUSED_FUNCTION = YES;
				GCC_WARN_UNUSED_VARIABLE = YES;
				IPHONEOS_DEPLOYMENT_TARGET = 9.2;
				MTL_ENABLE_DEBUG_INFO = NO;
				SDKROOT = iphoneos;
				TARGETED_DEVICE_FAMILY = "1,2";
				VALIDATE_PRODUCT = YES;
			};
			name = Release;
		};
		F27E55D51C3153260046EAD5 /* Debug */ = {
			isa = XCBuildConfiguration;
			buildSettings = {
				ASSETCATALOG_COMPILER_APPICON_NAME = AppIcon;
				INFOPLIST_FILE = Test/Info.plist;
				LD_RUNPATH_SEARCH_PATHS = "$(inherited) @executable_path/Frameworks";
				PRODUCT_BUNDLE_IDENTIFIER = xuzhi.Test;
				PRODUCT_NAME = "$(TARGET_NAME)";
			};
			name = Debug;
		};
		F27E55D61C3153260046EAD5 /* Release */ = {
			isa = XCBuildConfiguration;
			buildSettings = {
				ASSETCATALOG_COMPILER_APPICON_NAME = AppIcon;
				INFOPLIST_FILE = Test/Info.plist;
				LD_RUNPATH_SEARCH_PATHS = "$(inherited) @executable_path/Frameworks";
				PRODUCT_BUNDLE_IDENTIFIER = xuzhi.Test;
				PRODUCT_NAME = "$(TARGET_NAME)";
			};
			name = Release;
		};
		F27E55D81C3153260046EAD5 /* Debug */ = {
			isa = XCBuildConfiguration;
			buildSettings = {
				BUNDLE_LOADER = "$(TEST_HOST)";
				INFOPLIST_FILE = TestTests/Info.plist;
				LD_RUNPATH_SEARCH_PATHS = "$(inherited) @executable_path/Frameworks @loader_path/Frameworks";
				PRODUCT_BUNDLE_IDENTIFIER = xuzhi.TestTests;
				PRODUCT_NAME = "$(TARGET_NAME)";
				TEST_HOST = "$(BUILT_PRODUCTS_DIR)/Test.app/Test";
			};
			name = Debug;
		};
		F27E55D91C3153260046EAD5 /* Release */ = {
			isa = XCBuildConfiguration;
			buildSettings = {
				BUNDLE_LOADER = "$(TEST_HOST)";
				INFOPLIST_FILE = TestTests/Info.plist;
				LD_RUNPATH_SEARCH_PATHS = "$(inherited) @executable_path/Frameworks @loader_path/Frameworks";
				PRODUCT_BUNDLE_IDENTIFIER = xuzhi.TestTests;
				PRODUCT_NAME = "$(TARGET_NAME)";
				TEST_HOST = "$(BUILT_PRODUCTS_DIR)/Test.app/Test";
			};
			name = Release;
		};
		F27E55DB1C3153260046EAD5 /* Debug */ = {
			isa = XCBuildConfiguration;
			buildSettings = {
				INFOPLIST_FILE = TestUITests/Info.plist;
				LD_RUNPATH_SEARCH_PATHS = "$(inherited) @executable_path/Frameworks @loader_path/Frameworks";
				PRODUCT_BUNDLE_IDENTIFIER = xuzhi.TestUITests;
				PRODUCT_NAME = "$(TARGET_NAME)";
				TEST_TARGET_NAME = Test;
				USES_XCTRUNNER = YES;
			};
			name = Debug;
		};
		F27E55DC1C3153260046EAD5 /* Release */ = {
			isa = XCBuildConfiguration;
			buildSettings = {
				INFOPLIST_FILE = TestUITests/Info.plist;
				LD_RUNPATH_SEARCH_PATHS = "$(inherited) @executable_path/Frameworks @loader_path/Frameworks";
				PRODUCT_BUNDLE_IDENTIFIER = xuzhi.TestUITests;
				PRODUCT_NAME = "$(TARGET_NAME)";
				TEST_TARGET_NAME = Test;
				USES_XCTRUNNER = YES;
			};
			name = Release;
		};
/* End XCBuildConfiguration section */

/* Begin XCConfigurationList section */
		F27E55A21C3153260046EAD5 /* Build configuration list for PBXProject "Test" */ = {
			isa = XCConfigurationList;
			buildConfigurations = (
				F27E55D21C3153260046EAD5 /* Debug */,
				F27E55D31C3153260046EAD5 /* Release */,
			);
			defaultConfigurationIsVisible = 0;
			defaultConfigurationName = Release;
		};
		F27E55D41C3153260046EAD5 /* Build configuration list for PBXNativeTarget "Test" */ = {
			isa = XCConfigurationList;
			buildConfigurations = (
				F27E55D51C3153260046EAD5 /* Debug */,
				F27E55D61C3153260046EAD5 /* Release */,
			);
			defaultConfigurationIsVisible = 0;
		};
		F27E55D71C3153260046EAD5 /* Build configuration list for PBXNativeTarget "TestTests" */ = {
			isa = XCConfigurationList;
			buildConfigurations = (
				F27E55D81C3153260046EAD5 /* Debug */,
				F27E55D91C3153260046EAD5 /* Release */,
			);
			defaultConfigurationIsVisible = 0;
		};
		F27E55DA1C3153260046EAD5 /* Build configuration list for PBXNativeTarget "TestUITests" */ = {
			isa = XCConfigurationList;
			buildConfigurations = (
				F27E55DB1C3153260046EAD5 /* Debug */,
				F27E55DC1C3153260046EAD5 /* Release */,
			);
			defaultConfigurationIsVisible = 0;
		};
/* End XCConfigurationList section */
	};
	rootObject = F27E559F1C3153260046EAD5 /* Project object */;
}
